
Microsoft Visual Studio Solution File, Format Version 12.00
# Visual Studio Version 17
VisualStudioVersion = 17.11.35312.102
MinimumVisualStudioVersion = 10.0.40219.1
Project("{9A19103F-16F7-4668-BE54-9A1E7A4F7556}") = "WorkerPoc", "WorkerPoc.csproj", "{890C97E1-6162-402C-8873-4D64F02DAE5C}"
EndProject
Global
	GlobalSection(SolutionConfigurationPlatforms) = preSolution
		Debug|Any CPU = Debug|Any CPU
		Release|Any CPU = Release|Any CPU
	EndGlobalSection
	GlobalSection(ProjectConfigurationPlatforms) = postSolution
		{890C97E1-6162-402C-8873-4D64F02DAE5C}.Debug|Any CPU.ActiveCfg = Debug|Any CPU
		{890C97E1-6162-402C-8873-4D64F02DAE5C}.Debug|Any CPU.Build.0 = Debug|Any CPU
		{890C97E1-6162-402C-8873-4D64F02DAE5C}.Release|Any CPU.ActiveCfg = Release|Any CPU
		{890C97E1-6162-402C-8873-4D64F02DAE5C}.Release|Any CPU.Build.0 = Release|Any CPU
	EndGlobalSection
	GlobalSection(SolutionProperties) = preSolution
		HideSolutionNode = FALSE
	EndGlobalSection
	GlobalSection(ExtensibilityGlobals) = postSolution
		SolutionGuid = {57308E94-7911-4FDC-9CD0-0987520D9925}
	EndGlobalSection
EndGlobal
